
Microsoft Visual Studio Solution File, Format Version 12.00
# Visual Studio Version 16
VisualStudioVersion = 16.0.29613.14
MinimumVisualStudioVersion = 10.0.40219.1
Project("{9A19103F-16F7-4668-BE54-9A1E7A4F7556}") = "01.Web", "01.Web\01.Web.csproj", "{E917EAC0-E1F6-4F49-A117-2593C509A0E9}"
EndProject
Project("{9A19103F-16F7-4668-BE54-9A1E7A4F7556}") = "02.Entitys", "02.Entitys\02.Entitys.csproj", "{D066BFA5-77CD-49D1-8EF5-6E0899935726}"
EndProject
Project("{9A19103F-16F7-4668-BE54-9A1E7A4F7556}") = "04.DAL", "04.DAL\04.DAL.csproj", "{28581886-113F-400C-9DBC-B655FF4AC4D0}"
EndProject
Project("{9A19103F-16F7-4668-BE54-9A1E7A4F7556}") = "05.Toolkit", "05.Toolkit\05.Toolkit.csproj", "{6EF177A0-AE07-4462-9495-B316DE7EF32B}"
EndProject
Project("{FAE04EC0-301F-11D3-BF4B-00C04F79EFBC}") = "03.Logic", "03.Logic\03.Logic.csproj", "{56A36EA4-7ED8-465E-93D8-F5065D92E640}"
EndProject
Global
	GlobalSection(SolutionConfigurationPlatforms) = preSolution
		Debug|Any CPU = Debug|Any CPU
		Release|Any CPU = Release|Any CPU
	EndGlobalSection
	GlobalSection(ProjectConfigurationPlatforms) = postSolution
		{E917EAC0-E1F6-4F49-A117-2593C509A0E9}.Debug|Any CPU.ActiveCfg = Debug|Any CPU
		{E917EAC0-E1F6-4F49-A117-2593C509A0E9}.Debug|Any CPU.Build.0 = Debug|Any CPU
		{E917EAC0-E1F6-4F49-A117-2593C509A0E9}.Release|Any CPU.ActiveCfg = Release|Any CPU
		{E917EAC0-E1F6-4F49-A117-2593C509A0E9}.Release|Any CPU.Build.0 = Release|Any CPU
		{D066BFA5-77CD-49D1-8EF5-6E0899935726}.Debug|Any CPU.ActiveCfg = Debug|Any CPU
		{D066BFA5-77CD-49D1-8EF5-6E0899935726}.Debug|Any CPU.Build.0 = Debug|Any CPU
		{D066BFA5-77CD-49D1-8EF5-6E0899935726}.Release|Any CPU.ActiveCfg = Release|Any CPU
		{D066BFA5-77CD-49D1-8EF5-6E0899935726}.Release|Any CPU.Build.0 = Release|Any CPU
		{28581886-113F-400C-9DBC-B655FF4AC4D0}.Debug|Any CPU.ActiveCfg = Debug|Any CPU
		{28581886-113F-400C-9DBC-B655FF4AC4D0}.Debug|Any CPU.Build.0 = Debug|Any CPU
		{28581886-113F-400C-9DBC-B655FF4AC4D0}.Release|Any CPU.ActiveCfg = Release|Any CPU
		{28581886-113F-400C-9DBC-B655FF4AC4D0}.Release|Any CPU.Build.0 = Release|Any CPU
		{6EF177A0-AE07-4462-9495-B316DE7EF32B}.Debug|Any CPU.ActiveCfg = Debug|Any CPU
		{6EF177A0-AE07-4462-9495-B316DE7EF32B}.Debug|Any CPU.Build.0 = Debug|Any CPU
		{6EF177A0-AE07-4462-9495-B316DE7EF32B}.Release|Any CPU.ActiveCfg = Release|Any CPU
		{6EF177A0-AE07-4462-9495-B316DE7EF32B}.Release|Any CPU.Build.0 = Release|Any CPU
		{56A36EA4-7ED8-465E-93D8-F5065D92E640}.Debug|Any CPU.ActiveCfg = Debug|Any CPU
		{56A36EA4-7ED8-465E-93D8-F5065D92E640}.Debug|Any CPU.Build.0 = Debug|Any CPU
		{56A36EA4-7ED8-465E-93D8-F5065D92E640}.Release|Any CPU.ActiveCfg = Release|Any CPU
		{56A36EA4-7ED8-465E-93D8-F5065D92E640}.Release|Any CPU.Build.0 = Release|Any CPU
	EndGlobalSection
	GlobalSection(SolutionProperties) = preSolution
		HideSolutionNode = FALSE
	EndGlobalSection
	GlobalSection(ExtensibilityGlobals) = postSolution
		SolutionGuid = {7BA274B5-F9AD-4C04-9130-F4BC2AF7F718}
	EndGlobalSection
EndGlobal
